// !$*UTF8*$!
{
	archiveVersion = 1;
	classes = {
	};
	objectVersion = 56;
	objects = {

/* Begin PBXBuildFile section */
		50B8C8DD2B7F9F8400395447 /* LoaderView.swift in Sources */ = {isa = PBXBuildFile; fileRef = 50B8C8DC2B7F9F8400395447 /* LoaderView.swift */; };
		50B8C8E02B7F9FC300395447 /* loader.gif in Resources */ = {isa = PBXBuildFile; fileRef = 50B8C8DF2B7F9FC300395447 /* loader.gif */; };
		50B8C8E22B7FA0C500395447 /* CustomLoaderView.swift in Sources */ = {isa = PBXBuildFile; fileRef = 50B8C8E12B7FA0C500395447 /* CustomLoaderView.swift */; };
		50B8C8E42B7FA93B00395447 /* CartView.swift in Sources */ = {isa = PBXBuildFile; fileRef = 50B8C8E32B7FA93B00395447 /* CartView.swift */; };
		50B8C8E62B7FACEE00395447 /* CartProductView.swift in Sources */ = {isa = PBXBuildFile; fileRef = 50B8C8E52B7FACEE00395447 /* CartProductView.swift */; };
		50BCAA792B7B4D03004088C8 /* ForgotPasswordView.swift in Sources */ = {isa = PBXBuildFile; fileRef = 50BCAA782B7B4D03004088C8 /* ForgotPasswordView.swift */; };
		50BCAA7B2B7B4F69004088C8 /* CodeVerificationView.swift in Sources */ = {isa = PBXBuildFile; fileRef = 50BCAA7A2B7B4F69004088C8 /* CodeVerificationView.swift */; };
		50BCAA7D2B7B7A10004088C8 /* ResetPasswordView.swift in Sources */ = {isa = PBXBuildFile; fileRef = 50BCAA7C2B7B7A10004088C8 /* ResetPasswordView.swift */; };
		50BCAA7F2B7B7B2E004088C8 /* OnboardingView.swift in Sources */ = {isa = PBXBuildFile; fileRef = 50BCAA7E2B7B7B2E004088C8 /* OnboardingView.swift */; };
		50BCAA812B7B7B38004088C8 /* SplashView.swift in Sources */ = {isa = PBXBuildFile; fileRef = 50BCAA802B7B7B38004088C8 /* SplashView.swift */; };
		50BCAAA12B7BB4A9004088C8 /* sf-pro-text-light.ttf in Resources */ = {isa = PBXBuildFile; fileRef = 50BCAA9B2B7BB4A9004088C8 /* sf-pro-text-light.ttf */; };
		50BCAAA22B7BB4A9004088C8 /* sf-pro-text-semibold.ttf in Resources */ = {isa = PBXBuildFile; fileRef = 50BCAA9C2B7BB4A9004088C8 /* sf-pro-text-semibold.ttf */; };
		50BCAAA32B7BB4A9004088C8 /* sf-pro-text-bold.ttf in Resources */ = {isa = PBXBuildFile; fileRef = 50BCAA9D2B7BB4A9004088C8 /* sf-pro-text-bold.ttf */; };
		50BCAAA42B7BB4A9004088C8 /* sf-pro-text-heavy.ttf in Resources */ = {isa = PBXBuildFile; fileRef = 50BCAA9E2B7BB4A9004088C8 /* sf-pro-text-heavy.ttf */; };
		50BCAAA52B7BB4A9004088C8 /* sf-pro-text-medium.ttf in Resources */ = {isa = PBXBuildFile; fileRef = 50BCAA9F2B7BB4A9004088C8 /* sf-pro-text-medium.ttf */; };
		50BCAAA62B7BB4A9004088C8 /* sf-pro-text-regular.ttf in Resources */ = {isa = PBXBuildFile; fileRef = 50BCAAA02B7BB4A9004088C8 /* sf-pro-text-regular.ttf */; };
		50C369FE2B7C9CC200A7EEDD /* HomeView.swift in Sources */ = {isa = PBXBuildFile; fileRef = 50C369FD2B7C9CC200A7EEDD /* HomeView.swift */; };
		50C36A002B7C9CD000A7EEDD /* WishlistView.swift in Sources */ = {isa = PBXBuildFile; fileRef = 50C369FF2B7C9CD000A7EEDD /* WishlistView.swift */; };
		50C36A022B7C9CDF00A7EEDD /* OrdersView.swift in Sources */ = {isa = PBXBuildFile; fileRef = 50C36A012B7C9CDF00A7EEDD /* OrdersView.swift */; };
		50C36A042B7C9E1E00A7EEDD /* MyCardsView.swift in Sources */ = {isa = PBXBuildFile; fileRef = 50C36A032B7C9E1E00A7EEDD /* MyCardsView.swift */; };
		50C36A072B7CA31200A7EEDD /* ProductCardView.swift in Sources */ = {isa = PBXBuildFile; fileRef = 50C36A062B7CA31200A7EEDD /* ProductCardView.swift */; };
		50C36A092B7CEB4D00A7EEDD /* BrandOptionView.swift in Sources */ = {isa = PBXBuildFile; fileRef = 50C36A082B7CEB4D00A7EEDD /* BrandOptionView.swift */; };
		50C894FB2B766959006EF270 /* Kapde_LeloApp.swift in Sources */ = {isa = PBXBuildFile; fileRef = 50C894FA2B766959006EF270 /* Kapde_LeloApp.swift */; };
		50C894FD2B766959006EF270 /* ContentView.swift in Sources */ = {isa = PBXBuildFile; fileRef = 50C894FC2B766959006EF270 /* ContentView.swift */; };
		50C894FF2B76695B006EF270 /* Assets.xcassets in Resources */ = {isa = PBXBuildFile; fileRef = 50C894FE2B76695B006EF270 /* Assets.xcassets */; };
		50C895022B76695B006EF270 /* Preview Assets.xcassets in Resources */ = {isa = PBXBuildFile; fileRef = 50C895012B76695B006EF270 /* Preview Assets.xcassets */; };
		50C8950C2B76695B006EF270 /* Kapde_LeloTests.swift in Sources */ = {isa = PBXBuildFile; fileRef = 50C8950B2B76695B006EF270 /* Kapde_LeloTests.swift */; };
		50C895162B76695B006EF270 /* Kapde_LeloUITests.swift in Sources */ = {isa = PBXBuildFile; fileRef = 50C895152B76695B006EF270 /* Kapde_LeloUITests.swift */; };
		50C895182B76695B006EF270 /* Kapde_LeloUITestsLaunchTests.swift in Sources */ = {isa = PBXBuildFile; fileRef = 50C895172B76695B006EF270 /* Kapde_LeloUITestsLaunchTests.swift */; };
		50C895292B766BF3006EF270 /* ContentViewModel.swift in Sources */ = {isa = PBXBuildFile; fileRef = 50C895282B766BF3006EF270 /* ContentViewModel.swift */; };
		50CB7A9B2B79F6110065FDD7 /* AppState.swift in Sources */ = {isa = PBXBuildFile; fileRef = 50CB7A9A2B79F6110065FDD7 /* AppState.swift */; };
		50CB7A9E2B79F63C0065FDD7 /* ConstantStrings.swift in Sources */ = {isa = PBXBuildFile; fileRef = 50CB7A9D2B79F63C0065FDD7 /* ConstantStrings.swift */; };
		50CB7AA02B79F6B40065FDD7 /* LoginView.swift in Sources */ = {isa = PBXBuildFile; fileRef = 50CB7A9F2B79F6B40065FDD7 /* LoginView.swift */; };
		50CB7AA22B79F6FA0065FDD7 /* KapdeLeloTabView.swift in Sources */ = {isa = PBXBuildFile; fileRef = 50CB7AA12B79F6FA0065FDD7 /* KapdeLeloTabView.swift */; };
		50CB7AA42B7A2A3D0065FDD7 /* CreateAccountView.swift in Sources */ = {isa = PBXBuildFile; fileRef = 50CB7AA32B7A2A3D0065FDD7 /* CreateAccountView.swift */; };
		50CB7AA62B7A2A480065FDD7 /* SignUpView.swift in Sources */ = {isa = PBXBuildFile; fileRef = 50CB7AA52B7A2A480065FDD7 /* SignUpView.swift */; };
		50CB7ABC2B7A569F0065FDD7 /* CustomTextFieldView.swift in Sources */ = {isa = PBXBuildFile; fileRef = 50CB7ABB2B7A569F0065FDD7 /* CustomTextFieldView.swift */; };
		50CBCDF42B8349470098BCD6 /* AddressView.swift in Sources */ = {isa = PBXBuildFile; fileRef = 50CBCDF32B8349470098BCD6 /* AddressView.swift */; };
		50CBCDF62B836D4D0098BCD6 /* PaymentCardView.swift in Sources */ = {isa = PBXBuildFile; fileRef = 50CBCDF52B836D4D0098BCD6 /* PaymentCardView.swift */; };
		50CBCDF82B836E730098BCD6 /* CardProvider.swift in Sources */ = {isa = PBXBuildFile; fileRef = 50CBCDF72B836E730098BCD6 /* CardProvider.swift */; };
		50CBCDFA2B83798B0098BCD6 /* PaymentStatusView.swift in Sources */ = {isa = PBXBuildFile; fileRef = 50CBCDF92B83798B0098BCD6 /* PaymentStatusView.swift */; };
		50F94B6D2B7E47C60079E0C8 /* SideMenu.swift in Sources */ = {isa = PBXBuildFile; fileRef = 50F94B6C2B7E47C60079E0C8 /* SideMenu.swift */; };
		50F94B6F2B7E48050079E0C8 /* SideMenuView.swift in Sources */ = {isa = PBXBuildFile; fileRef = 50F94B6E2B7E48050079E0C8 /* SideMenuView.swift */; };
		50F94B722B7E482A0079E0C8 /* SideMenuRowType.swift in Sources */ = {isa = PBXBuildFile; fileRef = 50F94B712B7E482A0079E0C8 /* SideMenuRowType.swift */; };
		50FFF3022B7E0D400018E3A3 /* BrandModel.swift in Sources */ = {isa = PBXBuildFile; fileRef = 50FFF3012B7E0D400018E3A3 /* BrandModel.swift */; };
		50FFF3042B7E1FFA0018E3A3 /* ProductModel.swift in Sources */ = {isa = PBXBuildFile; fileRef = 50FFF3032B7E1FFA0018E3A3 /* ProductModel.swift */; };
/* End PBXBuildFile section */

/* Begin PBXContainerItemProxy section */
		50C895082B76695B006EF270 /* PBXContainerItemProxy */ = {
			isa = PBXContainerItemProxy;
			containerPortal = 50C894EF2B766959006EF270 /* Project object */;
			proxyType = 1;
			remoteGlobalIDString = 50C894F62B766959006EF270;
			remoteInfo = "Kapde Lelo";
		};
		50C895122B76695B006EF270 /* PBXContainerItemProxy */ = {
			isa = PBXContainerItemProxy;
			containerPortal = 50C894EF2B766959006EF270 /* Project object */;
			proxyType = 1;
			remoteGlobalIDString = 50C894F62B766959006EF270;
			remoteInfo = "Kapde Lelo";
		};
/* End PBXContainerItemProxy section */

/* Begin PBXFileReference section */
		50B8C8DC2B7F9F8400395447 /* LoaderView.swift */ = {isa = PBXFileReference; lastKnownFileType = sourcecode.swift; path = LoaderView.swift; sourceTree = "<group>"; };
		50B8C8DF2B7F9FC300395447 /* loader.gif */ = {isa = PBXFileReference; lastKnownFileType = image.gif; path = loader.gif; sourceTree = "<group>"; };
		50B8C8E12B7FA0C500395447 /* CustomLoaderView.swift */ = {isa = PBXFileReference; lastKnownFileType = sourcecode.swift; path = CustomLoaderView.swift; sourceTree = "<group>"; };
		50B8C8E32B7FA93B00395447 /* CartView.swift */ = {isa = PBXFileReference; lastKnownFileType = sourcecode.swift; path = CartView.swift; sourceTree = "<group>"; };
		50B8C8E52B7FACEE00395447 /* CartProductView.swift */ = {isa = PBXFileReference; lastKnownFileType = sourcecode.swift; path = CartProductView.swift; sourceTree = "<group>"; };
		50BCAA782B7B4D03004088C8 /* ForgotPasswordView.swift */ = {isa = PBXFileReference; lastKnownFileType = sourcecode.swift; path = ForgotPasswordView.swift; sourceTree = "<group>"; };
		50BCAA7A2B7B4F69004088C8 /* CodeVerificationView.swift */ = {isa = PBXFileReference; lastKnownFileType = sourcecode.swift; path = CodeVerificationView.swift; sourceTree = "<group>"; };
		50BCAA7C2B7B7A10004088C8 /* ResetPasswordView.swift */ = {isa = PBXFileReference; lastKnownFileType = sourcecode.swift; path = ResetPasswordView.swift; sourceTree = "<group>"; };
		50BCAA7E2B7B7B2E004088C8 /* OnboardingView.swift */ = {isa = PBXFileReference; lastKnownFileType = sourcecode.swift; path = OnboardingView.swift; sourceTree = "<group>"; };
		50BCAA802B7B7B38004088C8 /* SplashView.swift */ = {isa = PBXFileReference; lastKnownFileType = sourcecode.swift; path = SplashView.swift; sourceTree = "<group>"; };
		50BCAA9A2B7BB0A5004088C8 /* Kapde-Lelo-Info.plist */ = {isa = PBXFileReference; lastKnownFileType = text.plist; path = "Kapde-Lelo-Info.plist"; sourceTree = SOURCE_ROOT; };
		50BCAA9B2B7BB4A9004088C8 /* sf-pro-text-light.ttf */ = {isa = PBXFileReference; lastKnownFileType = file; path = "sf-pro-text-light.ttf"; sourceTree = "<group>"; };
		50BCAA9C2B7BB4A9004088C8 /* sf-pro-text-semibold.ttf */ = {isa = PBXFileReference; lastKnownFileType = file; path = "sf-pro-text-semibold.ttf"; sourceTree = "<group>"; };
		50BCAA9D2B7BB4A9004088C8 /* sf-pro-text-bold.ttf */ = {isa = PBXFileReference; lastKnownFileType = file; path = "sf-pro-text-bold.ttf"; sourceTree = "<group>"; };
		50BCAA9E2B7BB4A9004088C8 /* sf-pro-text-heavy.ttf */ = {isa = PBXFileReference; lastKnownFileType = file; path = "sf-pro-text-heavy.ttf"; sourceTree = "<group>"; };
		50BCAA9F2B7BB4A9004088C8 /* sf-pro-text-medium.ttf */ = {isa = PBXFileReference; lastKnownFileType = file; path = "sf-pro-text-medium.ttf"; sourceTree = "<group>"; };
		50BCAAA02B7BB4A9004088C8 /* sf-pro-text-regular.ttf */ = {isa = PBXFileReference; lastKnownFileType = file; path = "sf-pro-text-regular.ttf"; sourceTree = "<group>"; };
		50C369FD2B7C9CC200A7EEDD /* HomeView.swift */ = {isa = PBXFileReference; lastKnownFileType = sourcecode.swift; path = HomeView.swift; sourceTree = "<group>"; };
		50C369FF2B7C9CD000A7EEDD /* WishlistView.swift */ = {isa = PBXFileReference; lastKnownFileType = sourcecode.swift; path = WishlistView.swift; sourceTree = "<group>"; };
		50C36A012B7C9CDF00A7EEDD /* OrdersView.swift */ = {isa = PBXFileReference; lastKnownFileType = sourcecode.swift; path = OrdersView.swift; sourceTree = "<group>"; };
		50C36A032B7C9E1E00A7EEDD /* MyCardsView.swift */ = {isa = PBXFileReference; lastKnownFileType = sourcecode.swift; path = MyCardsView.swift; sourceTree = "<group>"; };
		50C36A062B7CA31200A7EEDD /* ProductCardView.swift */ = {isa = PBXFileReference; lastKnownFileType = sourcecode.swift; path = ProductCardView.swift; sourceTree = "<group>"; };
		50C36A082B7CEB4D00A7EEDD /* BrandOptionView.swift */ = {isa = PBXFileReference; lastKnownFileType = sourcecode.swift; path = BrandOptionView.swift; sourceTree = "<group>"; };
		50C894F72B766959006EF270 /* Kapde Lelo.app */ = {isa = PBXFileReference; explicitFileType = wrapper.application; includeInIndex = 0; path = "Kapde Lelo.app"; sourceTree = BUILT_PRODUCTS_DIR; };
		50C894FA2B766959006EF270 /* Kapde_LeloApp.swift */ = {isa = PBXFileReference; lastKnownFileType = sourcecode.swift; path = Kapde_LeloApp.swift; sourceTree = "<group>"; };
		50C894FC2B766959006EF270 /* ContentView.swift */ = {isa = PBXFileReference; lastKnownFileType = sourcecode.swift; path = ContentView.swift; sourceTree = "<group>"; };
		50C894FE2B76695B006EF270 /* Assets.xcassets */ = {isa = PBXFileReference; lastKnownFileType = folder.assetcatalog; path = Assets.xcassets; sourceTree = "<group>"; };
		50C895012B76695B006EF270 /* Preview Assets.xcassets */ = {isa = PBXFileReference; lastKnownFileType = folder.assetcatalog; path = "Preview Assets.xcassets"; sourceTree = "<group>"; };
		50C895072B76695B006EF270 /* Kapde LeloTests.xctest */ = {isa = PBXFileReference; explicitFileType = wrapper.cfbundle; includeInIndex = 0; path = "Kapde LeloTests.xctest"; sourceTree = BUILT_PRODUCTS_DIR; };
		50C8950B2B76695B006EF270 /* Kapde_LeloTests.swift */ = {isa = PBXFileReference; lastKnownFileType = sourcecode.swift; path = Kapde_LeloTests.swift; sourceTree = "<group>"; };
		50C895112B76695B006EF270 /* Kapde LeloUITests.xctest */ = {isa = PBXFileReference; explicitFileType = wrapper.cfbundle; includeInIndex = 0; path = "Kapde LeloUITests.xctest"; sourceTree = BUILT_PRODUCTS_DIR; };
		50C895152B76695B006EF270 /* Kapde_LeloUITests.swift */ = {isa = PBXFileReference; lastKnownFileType = sourcecode.swift; path = Kapde_LeloUITests.swift; sourceTree = "<group>"; };
		50C895172B76695B006EF270 /* Kapde_LeloUITestsLaunchTests.swift */ = {isa = PBXFileReference; lastKnownFileType = sourcecode.swift; path = Kapde_LeloUITestsLaunchTests.swift; sourceTree = "<group>"; };
		50C895282B766BF3006EF270 /* ContentViewModel.swift */ = {isa = PBXFileReference; lastKnownFileType = sourcecode.swift; path = ContentViewModel.swift; sourceTree = "<group>"; };
		50CB7A9A2B79F6110065FDD7 /* AppState.swift */ = {isa = PBXFileReference; lastKnownFileType = sourcecode.swift; path = AppState.swift; sourceTree = "<group>"; };
		50CB7A9D2B79F63C0065FDD7 /* ConstantStrings.swift */ = {isa = PBXFileReference; lastKnownFileType = sourcecode.swift; path = ConstantStrings.swift; sourceTree = "<group>"; };
		50CB7A9F2B79F6B40065FDD7 /* LoginView.swift */ = {isa = PBXFileReference; lastKnownFileType = sourcecode.swift; path = LoginView.swift; sourceTree = "<group>"; };
		50CB7AA12B79F6FA0065FDD7 /* KapdeLeloTabView.swift */ = {isa = PBXFileReference; lastKnownFileType = sourcecode.swift; path = KapdeLeloTabView.swift; sourceTree = "<group>"; };
		50CB7AA32B7A2A3D0065FDD7 /* CreateAccountView.swift */ = {isa = PBXFileReference; lastKnownFileType = sourcecode.swift; path = CreateAccountView.swift; sourceTree = "<group>"; };
		50CB7AA52B7A2A480065FDD7 /* SignUpView.swift */ = {isa = PBXFileReference; lastKnownFileType = sourcecode.swift; path = SignUpView.swift; sourceTree = "<group>"; };
		50CB7ABB2B7A569F0065FDD7 /* CustomTextFieldView.swift */ = {isa = PBXFileReference; lastKnownFileType = sourcecode.swift; path = CustomTextFieldView.swift; sourceTree = "<group>"; };
		50CBCDF32B8349470098BCD6 /* AddressView.swift */ = {isa = PBXFileReference; lastKnownFileType = sourcecode.swift; path = AddressView.swift; sourceTree = "<group>"; };
		50CBCDF52B836D4D0098BCD6 /* PaymentCardView.swift */ = {isa = PBXFileReference; lastKnownFileType = sourcecode.swift; path = PaymentCardView.swift; sourceTree = "<group>"; };
		50CBCDF72B836E730098BCD6 /* CardProvider.swift */ = {isa = PBXFileReference; lastKnownFileType = sourcecode.swift; path = CardProvider.swift; sourceTree = "<group>"; };
		50CBCDF92B83798B0098BCD6 /* PaymentStatusView.swift */ = {isa = PBXFileReference; lastKnownFileType = sourcecode.swift; path = PaymentStatusView.swift; sourceTree = "<group>"; };
		50F94B6C2B7E47C60079E0C8 /* SideMenu.swift */ = {isa = PBXFileReference; lastKnownFileType = sourcecode.swift; path = SideMenu.swift; sourceTree = "<group>"; };
		50F94B6E2B7E48050079E0C8 /* SideMenuView.swift */ = {isa = PBXFileReference; lastKnownFileType = sourcecode.swift; path = SideMenuView.swift; sourceTree = "<group>"; };
		50F94B712B7E482A0079E0C8 /* SideMenuRowType.swift */ = {isa = PBXFileReference; lastKnownFileType = sourcecode.swift; path = SideMenuRowType.swift; sourceTree = "<group>"; };
		50FFF3012B7E0D400018E3A3 /* BrandModel.swift */ = {isa = PBXFileReference; lastKnownFileType = sourcecode.swift; path = BrandModel.swift; sourceTree = "<group>"; };
		50FFF3032B7E1FFA0018E3A3 /* ProductModel.swift */ = {isa = PBXFileReference; lastKnownFileType = sourcecode.swift; path = ProductModel.swift; sourceTree = "<group>"; };
/* End PBXFileReference section */

/* Begin PBXFrameworksBuildPhase section */
		50C894F42B766959006EF270 /* Frameworks */ = {
			isa = PBXFrameworksBuildPhase;
			buildActionMask = 2147483647;
			files = (
			);
			runOnlyForDeploymentPostprocessing = 0;
		};
		50C895042B76695B006EF270 /* Frameworks */ = {
			isa = PBXFrameworksBuildPhase;
			buildActionMask = 2147483647;
			files = (
			);
			runOnlyForDeploymentPostprocessing = 0;
		};
		50C8950E2B76695B006EF270 /* Frameworks */ = {
			isa = PBXFrameworksBuildPhase;
			buildActionMask = 2147483647;
			files = (
			);
			runOnlyForDeploymentPostprocessing = 0;
		};
/* End PBXFrameworksBuildPhase section */

/* Begin PBXGroup section */
		50B8C8DE2B7F9FB500395447 /* Gifs */ = {
			isa = PBXGroup;
			children = (
				50B8C8DF2B7F9FC300395447 /* loader.gif */,
			);
			path = Gifs;
			sourceTree = "<group>";
		};
		50C369FB2B7C9C6700A7EEDD /* TabView */ = {
			isa = PBXGroup;
			children = (
				50C369FC2B7C9C8100A7EEDD /* SubViews */,
				50CB7AA12B79F6FA0065FDD7 /* KapdeLeloTabView.swift */,
			);
			path = TabView;
			sourceTree = "<group>";
		};
		50C369FC2B7C9C8100A7EEDD /* SubViews */ = {
			isa = PBXGroup;
			children = (
				50C369FD2B7C9CC200A7EEDD /* HomeView.swift */,
				50C369FF2B7C9CD000A7EEDD /* WishlistView.swift */,
				50C36A012B7C9CDF00A7EEDD /* OrdersView.swift */,
				50C36A032B7C9E1E00A7EEDD /* MyCardsView.swift */,
			);
			path = SubViews;
			sourceTree = "<group>";
		};
		50C894EE2B766959006EF270 = {
			isa = PBXGroup;
			children = (
				50C894F92B766959006EF270 /* Kapde Lelo */,
				50C8950A2B76695B006EF270 /* Kapde LeloTests */,
				50C895142B76695B006EF270 /* Kapde LeloUITests */,
				50C894F82B766959006EF270 /* Products */,
			);
			sourceTree = "<group>";
		};
		50C894F82B766959006EF270 /* Products */ = {
			isa = PBXGroup;
			children = (
				50C894F72B766959006EF270 /* Kapde Lelo.app */,
				50C895072B76695B006EF270 /* Kapde LeloTests.xctest */,
				50C895112B76695B006EF270 /* Kapde LeloUITests.xctest */,
			);
			name = Products;
			sourceTree = "<group>";
		};
		50C894F92B766959006EF270 /* Kapde Lelo */ = {
			isa = PBXGroup;
			children = (
				50B8C8DE2B7F9FB500395447 /* Gifs */,
				50F94B702B7E481D0079E0C8 /* Enums */,
				50FFF3002B7E0BD40018E3A3 /* Models */,
				50BCAA9A2B7BB0A5004088C8 /* Kapde-Lelo-Info.plist */,
				50CB7AA72B7A53750065FDD7 /* Fonts */,
				50CB7A9C2B79F6240065FDD7 /* Constants */,
				50C895272B766AA8006EF270 /* HelperClasses */,
				50C895262B766A97006EF270 /* Extensions */,
				50C895252B766A90006EF270 /* ViewModels */,
				50C895242B766A89006EF270 /* Views */,
				50CB7ABA2B7A568D0065FDD7 /* CustomViews */,
				50C894FA2B766959006EF270 /* Kapde_LeloApp.swift */,
				50C894FE2B76695B006EF270 /* Assets.xcassets */,
				50C895002B76695B006EF270 /* Preview Content */,
			);
			path = "Kapde Lelo";
			sourceTree = "<group>";
		};
		50C895002B76695B006EF270 /* Preview Content */ = {
			isa = PBXGroup;
			children = (
				50C895012B76695B006EF270 /* Preview Assets.xcassets */,
			);
			path = "Preview Content";
			sourceTree = "<group>";
		};
		50C8950A2B76695B006EF270 /* Kapde LeloTests */ = {
			isa = PBXGroup;
			children = (
				50C8950B2B76695B006EF270 /* Kapde_LeloTests.swift */,
			);
			path = "Kapde LeloTests";
			sourceTree = "<group>";
		};
		50C895142B76695B006EF270 /* Kapde LeloUITests */ = {
			isa = PBXGroup;
			children = (
				50C895152B76695B006EF270 /* Kapde_LeloUITests.swift */,
				50C895172B76695B006EF270 /* Kapde_LeloUITestsLaunchTests.swift */,
			);
			path = "Kapde LeloUITests";
			sourceTree = "<group>";
		};
		50C895242B766A89006EF270 /* Views */ = {
			isa = PBXGroup;
			children = (
				50F94B732B7E483B0079E0C8 /* SideMenu */,
				50C369FB2B7C9C6700A7EEDD /* TabView */,
				50C894FC2B766959006EF270 /* ContentView.swift */,
				50CB7A9F2B79F6B40065FDD7 /* LoginView.swift */,
				50CB7AA32B7A2A3D0065FDD7 /* CreateAccountView.swift */,
				50CB7AA52B7A2A480065FDD7 /* SignUpView.swift */,
				50BCAA782B7B4D03004088C8 /* ForgotPasswordView.swift */,
				50BCAA7A2B7B4F69004088C8 /* CodeVerificationView.swift */,
				50BCAA7C2B7B7A10004088C8 /* ResetPasswordView.swift */,
				50BCAA7E2B7B7B2E004088C8 /* OnboardingView.swift */,
				50BCAA802B7B7B38004088C8 /* SplashView.swift */,
				50B8C8E32B7FA93B00395447 /* CartView.swift */,
				50CBCDF92B83798B0098BCD6 /* PaymentStatusView.swift */,
			);
			path = Views;
			sourceTree = "<group>";
		};
		50C895252B766A90006EF270 /* ViewModels */ = {
			isa = PBXGroup;
			children = (
				50C895282B766BF3006EF270 /* ContentViewModel.swift */,
			);
			path = ViewModels;
			sourceTree = "<group>";
		};
		50C895262B766A97006EF270 /* Extensions */ = {
			isa = PBXGroup;
			children = (
			);
			path = Extensions;
			sourceTree = "<group>";
		};
		50C895272B766AA8006EF270 /* HelperClasses */ = {
			isa = PBXGroup;
			children = (
				50CB7A9A2B79F6110065FDD7 /* AppState.swift */,
			);
			path = HelperClasses;
			sourceTree = "<group>";
		};
		50CB7A9C2B79F6240065FDD7 /* Constants */ = {
			isa = PBXGroup;
			children = (
				50CB7A9D2B79F63C0065FDD7 /* ConstantStrings.swift */,
			);
			path = Constants;
			sourceTree = "<group>";
		};
		50CB7AA72B7A53750065FDD7 /* Fonts */ = {
			isa = PBXGroup;
			children = (
				50BCAA9D2B7BB4A9004088C8 /* sf-pro-text-bold.ttf */,
				50BCAA9E2B7BB4A9004088C8 /* sf-pro-text-heavy.ttf */,
				50BCAA9B2B7BB4A9004088C8 /* sf-pro-text-light.ttf */,
				50BCAA9F2B7BB4A9004088C8 /* sf-pro-text-medium.ttf */,
				50BCAAA02B7BB4A9004088C8 /* sf-pro-text-regular.ttf */,
				50BCAA9C2B7BB4A9004088C8 /* sf-pro-text-semibold.ttf */,
			);
			path = Fonts;
			sourceTree = "<group>";
		};
		50CB7ABA2B7A568D0065FDD7 /* CustomViews */ = {
			isa = PBXGroup;
			children = (
				50CB7ABB2B7A569F0065FDD7 /* CustomTextFieldView.swift */,
				50C36A062B7CA31200A7EEDD /* ProductCardView.swift */,
				50C36A082B7CEB4D00A7EEDD /* BrandOptionView.swift */,
				50B8C8DC2B7F9F8400395447 /* LoaderView.swift */,
				50B8C8E12B7FA0C500395447 /* CustomLoaderView.swift */,
				50B8C8E52B7FACEE00395447 /* CartProductView.swift */,
				50CBCDF32B8349470098BCD6 /* AddressView.swift */,
				50CBCDF52B836D4D0098BCD6 /* PaymentCardView.swift */,
			);
			path = CustomViews;
			sourceTree = "<group>";
		};
		50F94B702B7E481D0079E0C8 /* Enums */ = {
			isa = PBXGroup;
			children = (
				50F94B712B7E482A0079E0C8 /* SideMenuRowType.swift */,
				50CBCDF72B836E730098BCD6 /* CardProvider.swift */,
			);
			path = Enums;
			sourceTree = "<group>";
		};
		50F94B732B7E483B0079E0C8 /* SideMenu */ = {
			isa = PBXGroup;
			children = (
				50F94B6C2B7E47C60079E0C8 /* SideMenu.swift */,
				50F94B6E2B7E48050079E0C8 /* SideMenuView.swift */,
			);
			path = SideMenu;
			sourceTree = "<group>";
		};
		50FFF3002B7E0BD40018E3A3 /* Models */ = {
			isa = PBXGroup;
			children = (
				50FFF3012B7E0D400018E3A3 /* BrandModel.swift */,
				50FFF3032B7E1FFA0018E3A3 /* ProductModel.swift */,
			);
			path = Models;
			sourceTree = "<group>";
		};
/* End PBXGroup section */

/* Begin PBXNativeTarget section */
		50C894F62B766959006EF270 /* Kapde Lelo */ = {
			isa = PBXNativeTarget;
			buildConfigurationList = 50C8951B2B76695B006EF270 /* Build configuration list for PBXNativeTarget "Kapde Lelo" */;
			buildPhases = (
				50C894F32B766959006EF270 /* Sources */,
				50C894F42B766959006EF270 /* Frameworks */,
				50C894F52B766959006EF270 /* Resources */,
			);
			buildRules = (
			);
			dependencies = (
			);
			name = "Kapde Lelo";
			productName = "Kapde Lelo";
			productReference = 50C894F72B766959006EF270 /* Kapde Lelo.app */;
			productType = "com.apple.product-type.application";
		};
		50C895062B76695B006EF270 /* Kapde LeloTests */ = {
			isa = PBXNativeTarget;
			buildConfigurationList = 50C8951E2B76695B006EF270 /* Build configuration list for PBXNativeTarget "Kapde LeloTests" */;
			buildPhases = (
				50C895032B76695B006EF270 /* Sources */,
				50C895042B76695B006EF270 /* Frameworks */,
				50C895052B76695B006EF270 /* Resources */,
			);
			buildRules = (
			);
			dependencies = (
				50C895092B76695B006EF270 /* PBXTargetDependency */,
			);
			name = "Kapde LeloTests";
			productName = "Kapde LeloTests";
			productReference = 50C895072B76695B006EF270 /* Kapde LeloTests.xctest */;
			productType = "com.apple.product-type.bundle.unit-test";
		};
		50C895102B76695B006EF270 /* Kapde LeloUITests */ = {
			isa = PBXNativeTarget;
			buildConfigurationList = 50C895212B76695B006EF270 /* Build configuration list for PBXNativeTarget "Kapde LeloUITests" */;
			buildPhases = (
				50C8950D2B76695B006EF270 /* Sources */,
				50C8950E2B76695B006EF270 /* Frameworks */,
				50C8950F2B76695B006EF270 /* Resources */,
			);
			buildRules = (
			);
			dependencies = (
				50C895132B76695B006EF270 /* PBXTargetDependency */,
			);
			name = "Kapde LeloUITests";
			productName = "Kapde LeloUITests";
			productReference = 50C895112B76695B006EF270 /* Kapde LeloUITests.xctest */;
			productType = "com.apple.product-type.bundle.ui-testing";
		};
/* End PBXNativeTarget section */

/* Begin PBXProject section */
		50C894EF2B766959006EF270 /* Project object */ = {
			isa = PBXProject;
			attributes = {
				BuildIndependentTargetsInParallel = 1;
				LastSwiftUpdateCheck = 1500;
				LastUpgradeCheck = 1500;
				TargetAttributes = {
					50C894F62B766959006EF270 = {
						CreatedOnToolsVersion = 15.0;
					};
					50C895062B76695B006EF270 = {
						CreatedOnToolsVersion = 15.0;
						TestTargetID = 50C894F62B766959006EF270;
					};
					50C895102B76695B006EF270 = {
						CreatedOnToolsVersion = 15.0;
						TestTargetID = 50C894F62B766959006EF270;
					};
				};
			};
			buildConfigurationList = 50C894F22B766959006EF270 /* Build configuration list for PBXProject "Kapde Lelo" */;
			compatibilityVersion = "Xcode 14.0";
			developmentRegion = en;
			hasScannedForEncodings = 0;
			knownRegions = (
				en,
				Base,
			);
			mainGroup = 50C894EE2B766959006EF270;
			productRefGroup = 50C894F82B766959006EF270 /* Products */;
			projectDirPath = "";
			projectRoot = "";
			targets = (
				50C894F62B766959006EF270 /* Kapde Lelo */,
				50C895062B76695B006EF270 /* Kapde LeloTests */,
				50C895102B76695B006EF270 /* Kapde LeloUITests */,
			);
		};
/* End PBXProject section */

/* Begin PBXResourcesBuildPhase section */
		50C894F52B766959006EF270 /* Resources */ = {
			isa = PBXResourcesBuildPhase;
			buildActionMask = 2147483647;
			files = (
				50BCAAA42B7BB4A9004088C8 /* sf-pro-text-heavy.ttf in Resources */,
				50C895022B76695B006EF270 /* Preview Assets.xcassets in Resources */,
				50BCAAA22B7BB4A9004088C8 /* sf-pro-text-semibold.ttf in Resources */,
				50BCAAA62B7BB4A9004088C8 /* sf-pro-text-regular.ttf in Resources */,
				50BCAAA32B7BB4A9004088C8 /* sf-pro-text-bold.ttf in Resources */,
				50BCAAA12B7BB4A9004088C8 /* sf-pro-text-light.ttf in Resources */,
				50C894FF2B76695B006EF270 /* Assets.xcassets in Resources */,
				50BCAAA52B7BB4A9004088C8 /* sf-pro-text-medium.ttf in Resources */,
				50B8C8E02B7F9FC300395447 /* loader.gif in Resources */,
			);
			runOnlyForDeploymentPostprocessing = 0;
		};
		50C895052B76695B006EF270 /* Resources */ = {
			isa = PBXResourcesBuildPhase;
			buildActionMask = 2147483647;
			files = (
			);
			runOnlyForDeploymentPostprocessing = 0;
		};
		50C8950F2B76695B006EF270 /* Resources */ = {
			isa = PBXResourcesBuildPhase;
			buildActionMask = 2147483647;
			files = (
			);
			runOnlyForDeploymentPostprocessing = 0;
		};
/* End PBXResourcesBuildPhase section */

/* Begin PBXSourcesBuildPhase section */
		50C894F32B766959006EF270 /* Sources */ = {
			isa = PBXSourcesBuildPhase;
			buildActionMask = 2147483647;
			files = (
				50F94B722B7E482A0079E0C8 /* SideMenuRowType.swift in Sources */,
				50CB7AA02B79F6B40065FDD7 /* LoginView.swift in Sources */,
				50FFF3022B7E0D400018E3A3 /* BrandModel.swift in Sources */,
				50CBCDF62B836D4D0098BCD6 /* PaymentCardView.swift in Sources */,
				50C36A042B7C9E1E00A7EEDD /* MyCardsView.swift in Sources */,
				50F94B6D2B7E47C60079E0C8 /* SideMenu.swift in Sources */,
				50BCAA792B7B4D03004088C8 /* ForgotPasswordView.swift in Sources */,
				50CBCDF42B8349470098BCD6 /* AddressView.swift in Sources */,
				50C36A002B7C9CD000A7EEDD /* WishlistView.swift in Sources */,
				50BCAA812B7B7B38004088C8 /* SplashView.swift in Sources */,
				50F94B6F2B7E48050079E0C8 /* SideMenuView.swift in Sources */,
				50CB7A9E2B79F63C0065FDD7 /* ConstantStrings.swift in Sources */,
				50B8C8E42B7FA93B00395447 /* CartView.swift in Sources */,
				50B8C8E22B7FA0C500395447 /* CustomLoaderView.swift in Sources */,
				50C894FD2B766959006EF270 /* ContentView.swift in Sources */,
				50CB7AA22B79F6FA0065FDD7 /* KapdeLeloTabView.swift in Sources */,
				50CBCDF82B836E730098BCD6 /* CardProvider.swift in Sources */,
				50CBCDFA2B83798B0098BCD6 /* PaymentStatusView.swift in Sources */,
				50CB7ABC2B7A569F0065FDD7 /* CustomTextFieldView.swift in Sources */,
				50BCAA7D2B7B7A10004088C8 /* ResetPasswordView.swift in Sources */,
				50BCAA7B2B7B4F69004088C8 /* CodeVerificationView.swift in Sources */,
				50C894FB2B766959006EF270 /* Kapde_LeloApp.swift in Sources */,
				50C895292B766BF3006EF270 /* ContentViewModel.swift in Sources */,
				50B8C8DD2B7F9F8400395447 /* LoaderView.swift in Sources */,
				50CB7AA42B7A2A3D0065FDD7 /* CreateAccountView.swift in Sources */,
				50C36A072B7CA31200A7EEDD /* ProductCardView.swift in Sources */,
				50CB7AA62B7A2A480065FDD7 /* SignUpView.swift in Sources */,
				50C369FE2B7C9CC200A7EEDD /* HomeView.swift in Sources */,
				50FFF3042B7E1FFA0018E3A3 /* ProductModel.swift in Sources */,
				50C36A092B7CEB4D00A7EEDD /* BrandOptionView.swift in Sources */,
				50B8C8E62B7FACEE00395447 /* CartProductView.swift in Sources */,
				50CB7A9B2B79F6110065FDD7 /* AppState.swift in Sources */,
				50BCAA7F2B7B7B2E004088C8 /* OnboardingView.swift in Sources */,
				50C36A022B7C9CDF00A7EEDD /* OrdersView.swift in Sources */,
			);
			runOnlyForDeploymentPostprocessing = 0;
		};
		50C895032B76695B006EF270 /* Sources */ = {
			isa = PBXSourcesBuildPhase;
			buildActionMask = 2147483647;
			files = (
				50C8950C2B76695B006EF270 /* Kapde_LeloTests.swift in Sources */,
			);
			runOnlyForDeploymentPostprocessing = 0;
		};
		50C8950D2B76695B006EF270 /* Sources */ = {
			isa = PBXSourcesBuildPhase;
			buildActionMask = 2147483647;
			files = (
				50C895182B76695B006EF270 /* Kapde_LeloUITestsLaunchTests.swift in Sources */,
				50C895162B76695B006EF270 /* Kapde_LeloUITests.swift in Sources */,
			);
			runOnlyForDeploymentPostprocessing = 0;
		};
/* End PBXSourcesBuildPhase section */

/* Begin PBXTargetDependency section */
		50C895092B76695B006EF270 /* PBXTargetDependency */ = {
			isa = PBXTargetDependency;
			target = 50C894F62B766959006EF270 /* Kapde Lelo */;
			targetProxy = 50C895082B76695B006EF270 /* PBXContainerItemProxy */;
		};
		50C895132B76695B006EF270 /* PBXTargetDependency */ = {
			isa = PBXTargetDependency;
			target = 50C894F62B766959006EF270 /* Kapde Lelo */;
			targetProxy = 50C895122B76695B006EF270 /* PBXContainerItemProxy */;
		};
/* End PBXTargetDependency section */

/* Begin XCBuildConfiguration section */
		50C895192B76695B006EF270 /* Debug */ = {
			isa = XCBuildConfiguration;
			buildSettings = {
				ALWAYS_SEARCH_USER_PATHS = NO;
				ASSETCATALOG_COMPILER_GENERATE_SWIFT_ASSET_SYMBOL_EXTENSIONS = YES;
				CLANG_ANALYZER_NONNULL = YES;
				CLANG_ANALYZER_NUMBER_OBJECT_CONVERSION = YES_AGGRESSIVE;
				CLANG_CXX_LANGUAGE_STANDARD = "gnu++20";
				CLANG_ENABLE_MODULES = YES;
				CLANG_ENABLE_OBJC_ARC = YES;
				CLANG_ENABLE_OBJC_WEAK = YES;
				CLANG_WARN_BLOCK_CAPTURE_AUTORELEASING = YES;
				CLANG_WARN_BOOL_CONVERSION = YES;
				CLANG_WARN_COMMA = YES;
				CLANG_WARN_CONSTANT_CONVERSION = YES;
				CLANG_WARN_DEPRECATED_OBJC_IMPLEMENTATIONS = YES;
				CLANG_WARN_DIRECT_OBJC_ISA_USAGE = YES_ERROR;
				CLANG_WARN_DOCUMENTATION_COMMENTS = YES;
				CLANG_WARN_EMPTY_BODY = YES;
				CLANG_WARN_ENUM_CONVERSION = YES;
				CLANG_WARN_INFINITE_RECURSION = YES;
				CLANG_WARN_INT_CONVERSION = YES;
				CLANG_WARN_NON_LITERAL_NULL_CONVERSION = YES;
				CLANG_WARN_OBJC_IMPLICIT_RETAIN_SELF = YES;
				CLANG_WARN_OBJC_LITERAL_CONVERSION = YES;
				CLANG_WARN_OBJC_ROOT_CLASS = YES_ERROR;
				CLANG_WARN_QUOTED_INCLUDE_IN_FRAMEWORK_HEADER = YES;
				CLANG_WARN_RANGE_LOOP_ANALYSIS = YES;
				CLANG_WARN_STRICT_PROTOTYPES = YES;
				CLANG_WARN_SUSPICIOUS_MOVE = YES;
				CLANG_WARN_UNGUARDED_AVAILABILITY = YES_AGGRESSIVE;
				CLANG_WARN_UNREACHABLE_CODE = YES;
				CLANG_WARN__DUPLICATE_METHOD_MATCH = YES;
				COPY_PHASE_STRIP = NO;
				DEBUG_INFORMATION_FORMAT = dwarf;
				ENABLE_STRICT_OBJC_MSGSEND = YES;
				ENABLE_TESTABILITY = YES;
				ENABLE_USER_SCRIPT_SANDBOXING = YES;
				GCC_C_LANGUAGE_STANDARD = gnu17;
				GCC_DYNAMIC_NO_PIC = NO;
				GCC_NO_COMMON_BLOCKS = YES;
				GCC_OPTIMIZATION_LEVEL = 0;
				GCC_PREPROCESSOR_DEFINITIONS = (
					"DEBUG=1",
					"$(inherited)",
				);
				GCC_WARN_64_TO_32_BIT_CONVERSION = YES;
				GCC_WARN_ABOUT_RETURN_TYPE = YES_ERROR;
				GCC_WARN_UNDECLARED_SELECTOR = YES;
				GCC_WARN_UNINITIALIZED_AUTOS = YES_AGGRESSIVE;
				GCC_WARN_UNUSED_FUNCTION = YES;
				GCC_WARN_UNUSED_VARIABLE = YES;
				IPHONEOS_DEPLOYMENT_TARGET = 17.0;
				LOCALIZATION_PREFERS_STRING_CATALOGS = YES;
				MTL_ENABLE_DEBUG_INFO = INCLUDE_SOURCE;
				MTL_FAST_MATH = YES;
				ONLY_ACTIVE_ARCH = YES;
				SDKROOT = iphoneos;
				SWIFT_ACTIVE_COMPILATION_CONDITIONS = "DEBUG $(inherited)";
				SWIFT_OPTIMIZATION_LEVEL = "-Onone";
			};
			name = Debug;
		};
		50C8951A2B76695B006EF270 /* Release */ = {
			isa = XCBuildConfiguration;
			buildSettings = {
				ALWAYS_SEARCH_USER_PATHS = NO;
				ASSETCATALOG_COMPILER_GENERATE_SWIFT_ASSET_SYMBOL_EXTENSIONS = YES;
				CLANG_ANALYZER_NONNULL = YES;
				CLANG_ANALYZER_NUMBER_OBJECT_CONVERSION = YES_AGGRESSIVE;
				CLANG_CXX_LANGUAGE_STANDARD = "gnu++20";
				CLANG_ENABLE_MODULES = YES;
				CLANG_ENABLE_OBJC_ARC = YES;
				CLANG_ENABLE_OBJC_WEAK = YES;
				CLANG_WARN_BLOCK_CAPTURE_AUTORELEASING = YES;
				CLANG_WARN_BOOL_CONVERSION = YES;
				CLANG_WARN_COMMA = YES;
				CLANG_WARN_CONSTANT_CONVERSION = YES;
				CLANG_WARN_DEPRECATED_OBJC_IMPLEMENTATIONS = YES;
				CLANG_WARN_DIRECT_OBJC_ISA_USAGE = YES_ERROR;
				CLANG_WARN_DOCUMENTATION_COMMENTS = YES;
				CLANG_WARN_EMPTY_BODY = YES;
				CLANG_WARN_ENUM_CONVERSION = YES;
				CLANG_WARN_INFINITE_RECURSION = YES;
				CLANG_WARN_INT_CONVERSION = YES;
				CLANG_WARN_NON_LITERAL_NULL_CONVERSION = YES;
				CLANG_WARN_OBJC_IMPLICIT_RETAIN_SELF = YES;
				CLANG_WARN_OBJC_LITERAL_CONVERSION = YES;
				CLANG_WARN_OBJC_ROOT_CLASS = YES_ERROR;
				CLANG_WARN_QUOTED_INCLUDE_IN_FRAMEWORK_HEADER = YES;
				CLANG_WARN_RANGE_LOOP_ANALYSIS = YES;
				CLANG_WARN_STRICT_PROTOTYPES = YES;
				CLANG_WARN_SUSPICIOUS_MOVE = YES;
				CLANG_WARN_UNGUARDED_AVAILABILITY = YES_AGGRESSIVE;
				CLANG_WARN_UNREACHABLE_CODE = YES;
				CLANG_WARN__DUPLICATE_METHOD_MATCH = YES;
				COPY_PHASE_STRIP = NO;
				DEBUG_INFORMATION_FORMAT = "dwarf-with-dsym";
				ENABLE_NS_ASSERTIONS = NO;
				ENABLE_STRICT_OBJC_MSGSEND = YES;
				ENABLE_USER_SCRIPT_SANDBOXING = YES;
				GCC_C_LANGUAGE_STANDARD = gnu17;
				GCC_NO_COMMON_BLOCKS = YES;
				GCC_WARN_64_TO_32_BIT_CONVERSION = YES;
				GCC_WARN_ABOUT_RETURN_TYPE = YES_ERROR;
				GCC_WARN_UNDECLARED_SELECTOR = YES;
				GCC_WARN_UNINITIALIZED_AUTOS = YES_AGGRESSIVE;
				GCC_WARN_UNUSED_FUNCTION = YES;
				GCC_WARN_UNUSED_VARIABLE = YES;
				IPHONEOS_DEPLOYMENT_TARGET = 17.0;
				LOCALIZATION_PREFERS_STRING_CATALOGS = YES;
				MTL_ENABLE_DEBUG_INFO = NO;
				MTL_FAST_MATH = YES;
				SDKROOT = iphoneos;
				SWIFT_COMPILATION_MODE = wholemodule;
				VALIDATE_PRODUCT = YES;
			};
			name = Release;
		};
		50C8951C2B76695B006EF270 /* Debug */ = {
			isa = XCBuildConfiguration;
			buildSettings = {
				ASSETCATALOG_COMPILER_APPICON_NAME = AppIcon;
				ASSETCATALOG_COMPILER_GLOBAL_ACCENT_COLOR_NAME = AccentColor;
				CODE_SIGN_STYLE = Automatic;
				CURRENT_PROJECT_VERSION = 1;
				DEVELOPMENT_ASSET_PATHS = "\"Kapde Lelo/Preview Content\"";
				DEVELOPMENT_TEAM = 637U2CRCZ4;
				ENABLE_PREVIEWS = YES;
				GENERATE_INFOPLIST_FILE = YES;
				INFOPLIST_FILE = "Kapde-Lelo-Info.plist";
				INFOPLIST_KEY_NSFaceIDUsageDescription = "This uses face id to secure your data";
				INFOPLIST_KEY_UIApplicationSceneManifest_Generation = YES;
				INFOPLIST_KEY_UIApplicationSupportsIndirectInputEvents = YES;
				INFOPLIST_KEY_UILaunchScreen_Generation = YES;
				INFOPLIST_KEY_UISupportedInterfaceOrientations_iPad = "UIInterfaceOrientationPortrait UIInterfaceOrientationPortraitUpsideDown UIInterfaceOrientationLandscapeLeft UIInterfaceOrientationLandscapeRight";
				INFOPLIST_KEY_UISupportedInterfaceOrientations_iPhone = "UIInterfaceOrientationPortrait UIInterfaceOrientationLandscapeLeft UIInterfaceOrientationLandscapeRight";
				LD_RUNPATH_SEARCH_PATHS = (
					"$(inherited)",
					"@executable_path/Frameworks",
				);
				MARKETING_VERSION = 1.0;
				PRODUCT_BUNDLE_IDENTIFIER = "com.AmanRaghuvanshi.Kapde-Lelo";
				PRODUCT_NAME = "$(TARGET_NAME)";
				SWIFT_EMIT_LOC_STRINGS = YES;
				SWIFT_VERSION = 5.0;
				TARGETED_DEVICE_FAMILY = "1,2";
			};
			name = Debug;
		};
		50C8951D2B76695B006EF270 /* Release */ = {
			isa = XCBuildConfiguration;
			buildSettings = {
				ASSETCATALOG_COMPILER_APPICON_NAME = AppIcon;
				ASSETCATALOG_COMPILER_GLOBAL_ACCENT_COLOR_NAME = AccentColor;
				CODE_SIGN_STYLE = Automatic;
				CURRENT_PROJECT_VERSION = 1;
				DEVELOPMENT_ASSET_PATHS = "\"Kapde Lelo/Preview Content\"";
				DEVELOPMENT_TEAM = 637U2CRCZ4;
				ENABLE_PREVIEWS = YES;
				GENERATE_INFOPLIST_FILE = YES;
				INFOPLIST_FILE = "Kapde-Lelo-Info.plist";
				INFOPLIST_KEY_NSFaceIDUsageDescription = "This uses face id to secure your data";
				INFOPLIST_KEY_UIApplicationSceneManifest_Generation = YES;
				INFOPLIST_KEY_UIApplicationSupportsIndirectInputEvents = YES;
				INFOPLIST_KEY_UILaunchScreen_Generation = YES;
				INFOPLIST_KEY_UISupportedInterfaceOrientations_iPad = "UIInterfaceOrientationPortrait UIInterfaceOrientationPortraitUpsideDown UIInterfaceOrientationLandscapeLeft UIInterfaceOrientationLandscapeRight";
				INFOPLIST_KEY_UISupportedInterfaceOrientations_iPhone = "UIInterfaceOrientationPortrait UIInterfaceOrientationLandscapeLeft UIInterfaceOrientationLandscapeRight";
				LD_RUNPATH_SEARCH_PATHS = (
					"$(inherited)",
					"@executable_path/Frameworks",
				);
				MARKETING_VERSION = 1.0;
				PRODUCT_BUNDLE_IDENTIFIER = "com.AmanRaghuvanshi.Kapde-Lelo";
				PRODUCT_NAME = "$(TARGET_NAME)";
				SWIFT_EMIT_LOC_STRINGS = YES;
				SWIFT_VERSION = 5.0;
				TARGETED_DEVICE_FAMILY = "1,2";
			};
			name = Release;
		};
		50C8951F2B76695B006EF270 /* Debug */ = {
			isa = XCBuildConfiguration;
			buildSettings = {
				ALWAYS_EMBED_SWIFT_STANDARD_LIBRARIES = YES;
				BUNDLE_LOADER = "$(TEST_HOST)";
				CODE_SIGN_STYLE = Automatic;
				CURRENT_PROJECT_VERSION = 1;
				DEVELOPMENT_TEAM = 637U2CRCZ4;
				GENERATE_INFOPLIST_FILE = YES;
				IPHONEOS_DEPLOYMENT_TARGET = 17.0;
				MARKETING_VERSION = 1.0;
				PRODUCT_BUNDLE_IDENTIFIER = "com.AmanRaghuvanshi.Kapde-LeloTests";
				PRODUCT_NAME = "$(TARGET_NAME)";
				SWIFT_EMIT_LOC_STRINGS = NO;
				SWIFT_VERSION = 5.0;
				TARGETED_DEVICE_FAMILY = "1,2";
				TEST_HOST = "$(BUILT_PRODUCTS_DIR)/Kapde Lelo.app/$(BUNDLE_EXECUTABLE_FOLDER_PATH)/Kapde Lelo";
			};
			name = Debug;
		};
		50C895202B76695B006EF270 /* Release */ = {
			isa = XCBuildConfiguration;
			buildSettings = {
				ALWAYS_EMBED_SWIFT_STANDARD_LIBRARIES = YES;
				BUNDLE_LOADER = "$(TEST_HOST)";
				CODE_SIGN_STYLE = Automatic;
				CURRENT_PROJECT_VERSION = 1;
				DEVELOPMENT_TEAM = 637U2CRCZ4;
				GENERATE_INFOPLIST_FILE = YES;
				IPHONEOS_DEPLOYMENT_TARGET = 17.0;
				MARKETING_VERSION = 1.0;
				PRODUCT_BUNDLE_IDENTIFIER = "com.AmanRaghuvanshi.Kapde-LeloTests";
				PRODUCT_NAME = "$(TARGET_NAME)";
				SWIFT_EMIT_LOC_STRINGS = NO;
				SWIFT_VERSION = 5.0;
				TARGETED_DEVICE_FAMILY = "1,2";
				TEST_HOST = "$(BUILT_PRODUCTS_DIR)/Kapde Lelo.app/$(BUNDLE_EXECUTABLE_FOLDER_PATH)/Kapde Lelo";
			};
			name = Release;
		};
		50C895222B76695B006EF270 /* Debug */ = {
			isa = XCBuildConfiguration;
			buildSettings = {
				ALWAYS_EMBED_SWIFT_STANDARD_LIBRARIES = YES;
				CODE_SIGN_STYLE = Automatic;
				CURRENT_PROJECT_VERSION = 1;
				DEVELOPMENT_TEAM = 637U2CRCZ4;
				GENERATE_INFOPLIST_FILE = YES;
				MARKETING_VERSION = 1.0;
				PRODUCT_BUNDLE_IDENTIFIER = "com.AmanRaghuvanshi.Kapde-LeloUITests";
				PRODUCT_NAME = "$(TARGET_NAME)";
				SWIFT_EMIT_LOC_STRINGS = NO;
				SWIFT_VERSION = 5.0;
				TARGETED_DEVICE_FAMILY = "1,2";
				TEST_TARGET_NAME = "Kapde Lelo";
			};
			name = Debug;
		};
		50C895232B76695B006EF270 /* Release */ = {
			isa = XCBuildConfiguration;
			buildSettings = {
				ALWAYS_EMBED_SWIFT_STANDARD_LIBRARIES = YES;
				CODE_SIGN_STYLE = Automatic;
				CURRENT_PROJECT_VERSION = 1;
				DEVELOPMENT_TEAM = 637U2CRCZ4;
				GENERATE_INFOPLIST_FILE = YES;
				MARKETING_VERSION = 1.0;
				PRODUCT_BUNDLE_IDENTIFIER = "com.AmanRaghuvanshi.Kapde-LeloUITests";
				PRODUCT_NAME = "$(TARGET_NAME)";
				SWIFT_EMIT_LOC_STRINGS = NO;
				SWIFT_VERSION = 5.0;
				TARGETED_DEVICE_FAMILY = "1,2";
				TEST_TARGET_NAME = "Kapde Lelo";
			};
			name = Release;
		};
/* End XCBuildConfiguration section */

/* Begin XCConfigurationList section */
		50C894F22B766959006EF270 /* Build configuration list for PBXProject "Kapde Lelo" */ = {
			isa = XCConfigurationList;
			buildConfigurations = (
				50C895192B76695B006EF270 /* Debug */,
				50C8951A2B76695B006EF270 /* Release */,
			);
			defaultConfigurationIsVisible = 0;
			defaultConfigurationName = Release;
		};
		50C8951B2B76695B006EF270 /* Build configuration list for PBXNativeTarget "Kapde Lelo" */ = {
			isa = XCConfigurationList;
			buildConfigurations = (
				50C8951C2B76695B006EF270 /* Debug */,
				50C8951D2B76695B006EF270 /* Release */,
			);
			defaultConfigurationIsVisible = 0;
			defaultConfigurationName = Release;
		};
		50C8951E2B76695B006EF270 /* Build configuration list for PBXNativeTarget "Kapde LeloTests" */ = {
			isa = XCConfigurationList;
			buildConfigurations = (
				50C8951F2B76695B006EF270 /* Debug */,
				50C895202B76695B006EF270 /* Release */,
			);
			defaultConfigurationIsVisible = 0;
			defaultConfigurationName = Release;
		};
		50C895212B76695B006EF270 /* Build configuration list for PBXNativeTarget "Kapde LeloUITests" */ = {
			isa = XCConfigurationList;
			buildConfigurations = (
				50C895222B76695B006EF270 /* Debug */,
				50C895232B76695B006EF270 /* Release */,
			);
			defaultConfigurationIsVisible = 0;
			defaultConfigurationName = Release;
		};
/* End XCConfigurationList section */
	};
	rootObject = 50C894EF2B766959006EF270 /* Project object */;
}
